
Microsoft Visual Studio Solution File, Format Version 12.00
# Visual Studio Version 17
VisualStudioVersion = 17.7.34003.232
MinimumVisualStudioVersion = 10.0.40219.1
Project("{FAE04EC0-301F-11D3-BF4B-00C04F79EFBC}") = "PriceChecker", "PriceChecker\PriceChecker.csproj", "{93D72CF3-5E8F-46BB-B4CA-93537E5DD9E9}"
EndProject
Global
	GlobalSection(SolutionConfigurationPlatforms) = preSolution
		Debug|Any CPU = Debug|Any CPU
		Release|Any CPU = Release|Any CPU
	EndGlobalSection
	GlobalSection(ProjectConfigurationPlatforms) = postSolution
		{93D72CF3-5E8F-46BB-B4CA-93537E5DD9E9}.Debug|Any CPU.ActiveCfg = Debug|Any CPU
		{93D72CF3-5E8F-46BB-B4CA-93537E5DD9E9}.Debug|Any CPU.Build.0 = Debug|Any CPU
		{93D72CF3-5E8F-46BB-B4CA-93537E5DD9E9}.Release|Any CPU.ActiveCfg = Release|Any CPU
		{93D72CF3-5E8F-46BB-B4CA-93537E5DD9E9}.Release|Any CPU.Build.0 = Release|Any CPU
	EndGlobalSection
	GlobalSection(SolutionProperties) = preSolution
		HideSolutionNode = FALSE
	EndGlobalSection
	GlobalSection(ExtensibilityGlobals) = postSolution
		SolutionGuid = {3CC769B6-07B9-45A3-A747-B5FACB217FD5}
	EndGlobalSection
EndGlobal
